// !$*UTF8*$!
{
	archiveVersion = 1;
	classes = {
	};
	objectVersion = 50;
	objects = {

/* Begin PBXBuildFile section */
		C478E2B120B1D7B60092AD67 /* AppDelegate.swift in Sources */ = {isa = PBXBuildFile; fileRef = C478E2B020B1D7B60092AD67 /* AppDelegate.swift */; };
		C478E2B320B1D7B60092AD67 /* ViewController.swift in Sources */ = {isa = PBXBuildFile; fileRef = C478E2B220B1D7B60092AD67 /* ViewController.swift */; };
		C478E2B620B1D7B60092AD67 /* Main.storyboard in Resources */ = {isa = PBXBuildFile; fileRef = C478E2B420B1D7B60092AD67 /* Main.storyboard */; };
		C478E2B820B1D7B90092AD67 /* Assets.xcassets in Resources */ = {isa = PBXBuildFile; fileRef = C478E2B720B1D7B90092AD67 /* Assets.xcassets */; };
		C478E2BB20B1D7B90092AD67 /* LaunchScreen.storyboard in Resources */ = {isa = PBXBuildFile; fileRef = C478E2B920B1D7B90092AD67 /* LaunchScreen.storyboard */; };
		C478E2C320B1F8F90092AD67 /* DetailViewController.swift in Sources */ = {isa = PBXBuildFile; fileRef = C478E2C220B1F8F90092AD67 /* DetailViewController.swift */; };
/* End PBXBuildFile section */

/* Begin PBXFileReference section */
		C478E2AD20B1D7B60092AD67 /* Plain Notes.app */ = {isa = PBXFileReference; explicitFileType = wrapper.application; includeInIndex = 0; path = "Plain Notes.app"; sourceTree = BUILT_PRODUCTS_DIR; };
		C478E2B020B1D7B60092AD67 /* AppDelegate.swift */ = {isa = PBXFileReference; lastKnownFileType = sourcecode.swift; path = AppDelegate.swift; sourceTree = "<group>"; };
		C478E2B220B1D7B60092AD67 /* ViewController.swift */ = {isa = PBXFileReference; lastKnownFileType = sourcecode.swift; path = ViewController.swift; sourceTree = "<group>"; };
		C478E2B520B1D7B60092AD67 /* Base */ = {isa = PBXFileReference; lastKnownFileType = file.storyboard; name = Base; path = Base.lproj/Main.storyboard; sourceTree = "<group>"; };
		C478E2B720B1D7B90092AD67 /* Assets.xcassets */ = {isa = PBXFileReference; lastKnownFileType = folder.assetcatalog; path = Assets.xcassets; sourceTree = "<group>"; };
		C478E2BA20B1D7B90092AD67 /* Base */ = {isa = PBXFileReference; lastKnownFileType = file.storyboard; name = Base; path = Base.lproj/LaunchScreen.storyboard; sourceTree = "<group>"; };
		C478E2BC20B1D7B90092AD67 /* Info.plist */ = {isa = PBXFileReference; lastKnownFileType = text.plist.xml; path = Info.plist; sourceTree = "<group>"; };
		C478E2C220B1F8F90092AD67 /* DetailViewController.swift */ = {isa = PBXFileReference; lastKnownFileType = sourcecode.swift; path = DetailViewController.swift; sourceTree = "<group>"; };
/* End PBXFileReference section */

/* Begin PBXFrameworksBuildPhase section */
		C478E2AA20B1D7B60092AD67 /* Frameworks */ = {
			isa = PBXFrameworksBuildPhase;
			buildActionMask = 2147483647;
			files = (
			);
			runOnlyForDeploymentPostprocessing = 0;
		};
/* End PBXFrameworksBuildPhase section */

/* Begin PBXGroup section */
		C478E2A420B1D7B60092AD67 = {
			isa = PBXGroup;
			children = (
				C478E2AF20B1D7B60092AD67 /* Plain Notes */,
				C478E2AE20B1D7B60092AD67 /* Products */,
			);
			sourceTree = "<group>";
		};
		C478E2AE20B1D7B60092AD67 /* Products */ = {
			isa = PBXGroup;
			children = (
				C478E2AD20B1D7B60092AD67 /* Plain Notes.app */,
			);
			name = Products;
			sourceTree = "<group>";
		};
		C478E2AF20B1D7B60092AD67 /* Plain Notes */ = {
			isa = PBXGroup;
			children = (
				C478E2B020B1D7B60092AD67 /* AppDelegate.swift */,
				C478E2B220B1D7B60092AD67 /* ViewController.swift */,
				C478E2C220B1F8F90092AD67 /* DetailViewController.swift */,
				C478E2B420B1D7B60092AD67 /* Main.storyboard */,
				C478E2B720B1D7B90092AD67 /* Assets.xcassets */,
				C478E2B920B1D7B90092AD67 /* LaunchScreen.storyboard */,
				C478E2BC20B1D7B90092AD67 /* Info.plist */,
			);
			path = "Plain Notes";
			sourceTree = "<group>";
		};
/* End PBXGroup section */

/* Begin PBXNativeTarget section */
		C478E2AC20B1D7B60092AD67 /* Plain Notes */ = {
			isa = PBXNativeTarget;
			buildConfigurationList = C478E2BF20B1D7B90092AD67 /* Build configuration list for PBXNativeTarget "Plain Notes" */;
			buildPhases = (
				C478E2A920B1D7B60092AD67 /* Sources */,
				C478E2AA20B1D7B60092AD67 /* Frameworks */,
				C478E2AB20B1D7B60092AD67 /* Resources */,
			);
			buildRules = (
			);
			dependencies = (
			);
			name = "Plain Notes";
			productName = "Plain Notes";
			productReference = C478E2AD20B1D7B60092AD67 /* Plain Notes.app */;
			productType = "com.apple.product-type.application";
		};
/* End PBXNativeTarget section */

/* Begin PBXProject section */
		C478E2A520B1D7B60092AD67 /* Project object */ = {
			isa = PBXProject;
			attributes = {
				LastSwiftUpdateCheck = 0930;
				LastUpgradeCheck = 0930;
				ORGANIZATIONNAME = "Kieran Waugh";
				TargetAttributes = {
					C478E2AC20B1D7B60092AD67 = {
						CreatedOnToolsVersion = 9.3.1;
					};
				};
			};
			buildConfigurationList = C478E2A820B1D7B60092AD67 /* Build configuration list for PBXProject "Plain Notes" */;
			compatibilityVersion = "Xcode 9.3";
			developmentRegion = en;
			hasScannedForEncodings = 0;
			knownRegions = (
				en,
				Base,
			);
			mainGroup = C478E2A420B1D7B60092AD67;
			productRefGroup = C478E2AE20B1D7B60092AD67 /* Products */;
			projectDirPath = "";
			projectRoot = "";
			targets = (
				C478E2AC20B1D7B60092AD67 /* Plain Notes */,
			);
		};
/* End PBXProject section */

/* Begin PBXResourcesBuildPhase section */
		C478E2AB20B1D7B60092AD67 /* Resources */ = {
			isa = PBXResourcesBuildPhase;
			buildActionMask = 2147483647;
			files = (
				C478E2BB20B1D7B90092AD67 /* LaunchScreen.storyboard in Resources */,
				C478E2B820B1D7B90092AD67 /* Assets.xcassets in Resources */,
				C478E2B620B1D7B60092AD67 /* Main.storyboard in Resources */,
			);
			runOnlyForDeploymentPostprocessing = 0;
		};
/* End PBXResourcesBuildPhase section */

/* Begin PBXSourcesBuildPhase section */
		C478E2A920B1D7B60092AD67 /* Sources */ = {
			isa = PBXSourcesBuildPhase;
			buildActionMask = 2147483647;
			files = (
				C478E2C320B1F8F90092AD67 /* DetailViewController.swift in Sources */,
				C478E2B320B1D7B60092AD67 /* ViewController.swift in Sources */,
				C478E2B120B1D7B60092AD67 /* AppDelegate.swift in Sources */,
			);
			runOnlyForDeploymentPostprocessing = 0;
		};
/* End PBXSourcesBuildPhase section */

/* Begin PBXVariantGroup section */
		C478E2B420B1D7B60092AD67 /* Main.storyboard */ = {
			isa = PBXVariantGroup;
			children = (
				C478E2B520B1D7B60092AD67 /* Base */,
			);
			name = Main.storyboard;
			sourceTree = "<group>";
		};
		C478E2B920B1D7B90092AD67 /* LaunchScreen.storyboard */ = {
			isa = PBXVariantGroup;
			children = (
				C478E2BA20B1D7B90092AD67 /* Base */,
			);
			name = LaunchScreen.storyboard;
			sourceTree = "<group>";
		};
/* End PBXVariantGroup section */

/* Begin XCBuildConfiguration section */
		C478E2BD20B1D7B90092AD67 /* Debug */ = {
			isa = XCBuildConfiguration;
			buildSettings = {
				ALWAYS_SEARCH_USER_PATHS = NO;
				CLANG_ANALYZER_NONNULL = YES;
				CLANG_ANALYZER_NUMBER_OBJECT_CONVERSION = YES_AGGRESSIVE;
				CLANG_CXX_LANGUAGE_STANDARD = "gnu++14";
				CLANG_CXX_LIBRARY = "libc++";
				CLANG_ENABLE_MODULES = YES;
				CLANG_ENABLE_OBJC_ARC = YES;
				CLANG_ENABLE_OBJC_WEAK = YES;
				CLANG_WARN_BLOCK_CAPTURE_AUTORELEASING = YES;
				CLANG_WARN_BOOL_CONVERSION = YES;
				CLANG_WARN_COMMA = YES;
				CLANG_WARN_CONSTANT_CONVERSION = YES;
				CLANG_WARN_DEPRECATED_OBJC_IMPLEMENTATIONS = YES;
				CLANG_WARN_DIRECT_OBJC_ISA_USAGE = YES_ERROR;
				CLANG_WARN_DOCUMENTATION_COMMENTS = YES;
				CLANG_WARN_EMPTY_BODY = YES;
				CLANG_WARN_ENUM_CONVERSION = YES;
				CLANG_WARN_INFINITE_RECURSION = YES;
				CLANG_WARN_INT_CONVERSION = YES;
				CLANG_WARN_NON_LITERAL_NULL_CONVERSION = YES;
				CLANG_WARN_OBJC_IMPLICIT_RETAIN_SELF = YES;
				CLANG_WARN_OBJC_LITERAL_CONVERSION = YES;
				CLANG_WARN_OBJC_ROOT_CLASS = YES_ERROR;
				CLANG_WARN_RANGE_LOOP_ANALYSIS = YES;
				CLANG_WARN_STRICT_PROTOTYPES = YES;
				CLANG_WARN_SUSPICIOUS_MOVE = YES;
				CLANG_WARN_UNGUARDED_AVAILABILITY = YES_AGGRESSIVE;
				CLANG_WARN_UNREACHABLE_CODE = YES;
				CLANG_WARN__DUPLICATE_METHOD_MATCH = YES;
				CODE_SIGN_IDENTITY = "iPhone Developer";
				COPY_PHASE_STRIP = NO;
				DEBUG_INFORMATION_FORMAT = dwarf;
				ENABLE_STRICT_OBJC_MSGSEND = YES;
				ENABLE_TESTABILITY = YES;
				GCC_C_LANGUAGE_STANDARD = gnu11;
				GCC_DYNAMIC_NO_PIC = NO;
				GCC_NO_COMMON_BLOCKS = YES;
				GCC_OPTIMIZATION_LEVEL = 0;
				GCC_PREPROCESSOR_DEFINITIONS = (
					"DEBUG=1",
					"$(inherited)",
				);
				GCC_WARN_64_TO_32_BIT_CONVERSION = YES;
				GCC_WARN_ABOUT_RETURN_TYPE = YES_ERROR;
				GCC_WARN_UNDECLARED_SELECTOR = YES;
				GCC_WARN_UNINITIALIZED_AUTOS = YES_AGGRESSIVE;
				GCC_WARN_UNUSED_FUNCTION = YES;
				GCC_WARN_UNUSED_VARIABLE = YES;
				IPHONEOS_DEPLOYMENT_TARGET = 11.3;
				MTL_ENABLE_DEBUG_INFO = YES;
				ONLY_ACTIVE_ARCH = YES;
				SDKROOT = iphoneos;
				SWIFT_ACTIVE_COMPILATION_CONDITIONS = DEBUG;
				SWIFT_OPTIMIZATION_LEVEL = "-Onone";
			};
			name = Debug;
		};
		C478E2BE20B1D7B90092AD67 /* Release */ = {
			isa = XCBuildConfiguration;
			buildSettings = {
				ALWAYS_SEARCH_USER_PATHS = NO;
				CLANG_ANALYZER_NONNULL = YES;
				CLANG_ANALYZER_NUMBER_OBJECT_CONVERSION = YES_AGGRESSIVE;
				CLANG_CXX_LANGUAGE_STANDARD = "gnu++14";
				CLANG_CXX_LIBRARY = "libc++";
				CLANG_ENABLE_MODULES = YES;
				CLANG_ENABLE_OBJC_ARC = YES;
				CLANG_ENABLE_OBJC_WEAK = YES;
				CLANG_WARN_BLOCK_CAPTURE_AUTORELEASING = YES;
				CLANG_WARN_BOOL_CONVERSION = YES;
				CLANG_WARN_COMMA = YES;
				CLANG_WARN_CONSTANT_CONVERSION = YES;
				CLANG_WARN_DEPRECATED_OBJC_IMPLEMENTATIONS = YES;
				CLANG_WARN_DIRECT_OBJC_ISA_USAGE = YES_ERROR;
				CLANG_WARN_DOCUMENTATION_COMMENTS = YES;
				CLANG_WARN_EMPTY_BODY = YES;
				CLANG_WARN_ENUM_CONVERSION = YES;
				CLANG_WARN_INFINITE_RECURSION = YES;
				CLANG_WARN_INT_CONVERSION = YES;
				CLANG_WARN_NON_LITERAL_NULL_CONVERSION = YES;
				CLANG_WARN_OBJC_IMPLICIT_RETAIN_SELF = YES;
				CLANG_WARN_OBJC_LITERAL_CONVERSION = YES;
				CLANG_WARN_OBJC_ROOT_CLASS = YES_ERROR;
				CLANG_WARN_RANGE_LOOP_ANALYSIS = YES;
				CLANG_WARN_STRICT_PROTOTYPES = YES;
				CLANG_WARN_SUSPICIOUS_MOVE = YES;
				CLANG_WARN_UNGUARDED_AVAILABILITY = YES_AGGRESSIVE;
				CLANG_WARN_UNREACHABLE_CODE = YES;
				CLANG_WARN__DUPLICATE_METHOD_MATCH = YES;
				CODE_SIGN_IDENTITY = "iPhone Developer";
				COPY_PHASE_STRIP = NO;
				DEBUG_INFORMATION_FORMAT = "dwarf-with-dsym";
				ENABLE_NS_ASSERTIONS = NO;
				ENABLE_STRICT_OBJC_MSGSEND = YES;
				GCC_C_LANGUAGE_STANDARD = gnu11;
				GCC_NO_COMMON_BLOCKS = YES;
				GCC_WARN_64_TO_32_BIT_CONVERSION = YES;
				GCC_WARN_ABOUT_RETURN_TYPE = YES_ERROR;
				GCC_WARN_UNDECLARED_SELECTOR = YES;
				GCC_WARN_UNINITIALIZED_AUTOS = YES_AGGRESSIVE;
				GCC_WARN_UNUSED_FUNCTION = YES;
				GCC_WARN_UNUSED_VARIABLE = YES;
				IPHONEOS_DEPLOYMENT_TARGET = 11.3;
				MTL_ENABLE_DEBUG_INFO = NO;
				SDKROOT = iphoneos;
				SWIFT_COMPILATION_MODE = wholemodule;
				SWIFT_OPTIMIZATION_LEVEL = "-O";
				VALIDATE_PRODUCT = YES;
			};
			name = Release;
		};
		C478E2C020B1D7B90092AD67 /* Debug */ = {
			isa = XCBuildConfiguration;
			buildSettings = {
				ASSETCATALOG_COMPILER_APPICON_NAME = AppIcon;
				CODE_SIGN_STYLE = Automatic;
				DEVELOPMENT_TEAM = 55738Z777S;
				INFOPLIST_FILE = "Plain Notes/Info.plist";
				LD_RUNPATH_SEARCH_PATHS = (
					"$(inherited)",
					"@executable_path/Frameworks",
				);
				PRODUCT_BUNDLE_IDENTIFIER = "com.kieranwaugh.Plain-Notes";
				PRODUCT_NAME = "$(TARGET_NAME)";
				SWIFT_VERSION = 4.0;
				TARGETED_DEVICE_FAMILY = "1,2";
			};
			name = Debug;
		};
		C478E2C120B1D7B90092AD67 /* Release */ = {
			isa = XCBuildConfiguration;
			buildSettings = {
				ASSETCATALOG_COMPILER_APPICON_NAME = AppIcon;
				CODE_SIGN_STYLE = Automatic;
				DEVELOPMENT_TEAM = 55738Z777S;
				INFOPLIST_FILE = "Plain Notes/Info.plist";
				LD_RUNPATH_SEARCH_PATHS = (
					"$(inherited)",
					"@executable_path/Frameworks",
				);
				PRODUCT_BUNDLE_IDENTIFIER = "com.kieranwaugh.Plain-Notes";
				PRODUCT_NAME = "$(TARGET_NAME)";
				SWIFT_VERSION = 4.0;
				TARGETED_DEVICE_FAMILY = "1,2";
			};
			name = Release;
		};
/* End XCBuildConfiguration section */

/* Begin XCConfigurationList section */
		C478E2A820B1D7B60092AD67 /* Build configuration list for PBXProject "Plain Notes" */ = {
			isa = XCConfigurationList;
			buildConfigurations = (
				C478E2BD20B1D7B90092AD67 /* Debug */,
				C478E2BE20B1D7B90092AD67 /* Release */,
			);
			defaultConfigurationIsVisible = 0;
			defaultConfigurationName = Release;
		};
		C478E2BF20B1D7B90092AD67 /* Build configuration list for PBXNativeTarget "Plain Notes" */ = {
			isa = XCConfigurationList;
			buildConfigurations = (
				C478E2C020B1D7B90092AD67 /* Debug */,
				C478E2C120B1D7B90092AD67 /* Release */,
			);
			defaultConfigurationIsVisible = 0;
			defaultConfigurationName = Release;
		};
/* End XCConfigurationList section */
	};
	rootObject = C478E2A520B1D7B60092AD67 /* Project object */;
}
